
Microsoft Visual Studio Solution File, Format Version 12.00
# Visual Studio Version 17
VisualStudioVersion = 17.1.32228.430
MinimumVisualStudioVersion = 10.0.40219.1
Project("{9A19103F-16F7-4668-BE54-9A1E7A4F7556}") = "IdentityServerInMemory", "IdentityServerInMemory\IdentityServerInMemory.csproj", "{128E4EF0-FE9F-49E7-BAA4-1558C7676D23}"
EndProject
Project("{FAE04EC0-301F-11D3-BF4B-00C04F79EFBC}") = "IdentityServerCommon", "IdentityServerCommon\IdentityServerCommon.csproj", "{087D09CF-1FA4-4A7F-B72C-4F30F876B0F8}"
EndProject
Project("{FAE04EC0-301F-11D3-BF4B-00C04F79EFBC}") = "Company1Provider", "Company1Provider\Company1Provider.csproj", "{11B465B9-C249-483D-B8D9-D0B5D53DF1BC}"
EndProject
Project("{FAE04EC0-301F-11D3-BF4B-00C04F79EFBC}") = "Company2Provider", "Company2Provider\Company2Provider.csproj", "{6A46D7EA-62DB-450A-B222-22EF097B9BD2}"
EndProject
Global
	GlobalSection(SolutionConfigurationPlatforms) = preSolution
		Debug|Any CPU = Debug|Any CPU
		Release|Any CPU = Release|Any CPU
	EndGlobalSection
	GlobalSection(ProjectConfigurationPlatforms) = postSolution
		{128E4EF0-FE9F-49E7-BAA4-1558C7676D23}.Debug|Any CPU.ActiveCfg = Debug|Any CPU
		{128E4EF0-FE9F-49E7-BAA4-1558C7676D23}.Debug|Any CPU.Build.0 = Debug|Any CPU
		{128E4EF0-FE9F-49E7-BAA4-1558C7676D23}.Release|Any CPU.ActiveCfg = Release|Any CPU
		{128E4EF0-FE9F-49E7-BAA4-1558C7676D23}.Release|Any CPU.Build.0 = Release|Any CPU
		{087D09CF-1FA4-4A7F-B72C-4F30F876B0F8}.Debug|Any CPU.ActiveCfg = Debug|Any CPU
		{087D09CF-1FA4-4A7F-B72C-4F30F876B0F8}.Debug|Any CPU.Build.0 = Debug|Any CPU
		{087D09CF-1FA4-4A7F-B72C-4F30F876B0F8}.Release|Any CPU.ActiveCfg = Release|Any CPU
		{087D09CF-1FA4-4A7F-B72C-4F30F876B0F8}.Release|Any CPU.Build.0 = Release|Any CPU
		{11B465B9-C249-483D-B8D9-D0B5D53DF1BC}.Debug|Any CPU.ActiveCfg = Debug|Any CPU
		{11B465B9-C249-483D-B8D9-D0B5D53DF1BC}.Debug|Any CPU.Build.0 = Debug|Any CPU
		{11B465B9-C249-483D-B8D9-D0B5D53DF1BC}.Release|Any CPU.ActiveCfg = Release|Any CPU
		{11B465B9-C249-483D-B8D9-D0B5D53DF1BC}.Release|Any CPU.Build.0 = Release|Any CPU
		{6A46D7EA-62DB-450A-B222-22EF097B9BD2}.Debug|Any CPU.ActiveCfg = Debug|Any CPU
		{6A46D7EA-62DB-450A-B222-22EF097B9BD2}.Debug|Any CPU.Build.0 = Debug|Any CPU
		{6A46D7EA-62DB-450A-B222-22EF097B9BD2}.Release|Any CPU.ActiveCfg = Release|Any CPU
		{6A46D7EA-62DB-450A-B222-22EF097B9BD2}.Release|Any CPU.Build.0 = Release|Any CPU
	EndGlobalSection
	GlobalSection(SolutionProperties) = preSolution
		HideSolutionNode = FALSE
	EndGlobalSection
	GlobalSection(ExtensibilityGlobals) = postSolution
		SolutionGuid = {BB2FD0CF-B502-42E0-911F-540922FBEE59}
	EndGlobalSection
EndGlobal
